
Microsoft Visual Studio Solution File, Format Version 12.00
# Visual Studio Version 17
VisualStudioVersion = 17.7.34024.191
MinimumVisualStudioVersion = 10.0.40219.1
Project("{FAE04EC0-301F-11D3-BF4B-00C04F79EFBC}") = "web-study-api", "web-study-api\web-study-api.csproj", "{B8B7B975-3ADE-48E3-AA66-91C158AE1695}"
EndProject
Global
	GlobalSection(SolutionConfigurationPlatforms) = preSolution
		Debug|Any CPU = Debug|Any CPU
		Release|Any CPU = Release|Any CPU
	EndGlobalSection
	GlobalSection(ProjectConfigurationPlatforms) = postSolution
		{B8B7B975-3ADE-48E3-AA66-91C158AE1695}.Debug|Any CPU.ActiveCfg = Debug|Any CPU
		{B8B7B975-3ADE-48E3-AA66-91C158AE1695}.Debug|Any CPU.Build.0 = Debug|Any CPU
		{B8B7B975-3ADE-48E3-AA66-91C158AE1695}.Release|Any CPU.ActiveCfg = Release|Any CPU
		{B8B7B975-3ADE-48E3-AA66-91C158AE1695}.Release|Any CPU.Build.0 = Release|Any CPU
	EndGlobalSection
	GlobalSection(SolutionProperties) = preSolution
		HideSolutionNode = FALSE
	EndGlobalSection
	GlobalSection(ExtensibilityGlobals) = postSolution
		SolutionGuid = {C71BA1A1-4369-440A-9EF1-3B3246707C8B}
	EndGlobalSection
EndGlobal
